<?xml version="1.0" encoding="utf-8"?>
<Project ToolsVersion="4.0" xmlns="http://schemas.microsoft.com/developer/msbuild/2003">
  <ItemGroup>
    <ClInclude Include="src\Application\Application.h" />
    <ClInclude Include="src\Components\Camera.h" />
    <ClInclude Include="src\Components\CircularMovement.h" />
    <ClInclude Include="src\Components\Component.h" />
    <ClInclude Include="src\Components\Components.h" />
    <ClInclude Include="src\Components\Fog.h" />
    <ClInclude Include="src\Components\InstancedModel.h" />
    <ClInclude Include="src\Components\Light.h" />
    <ClInclude Include="src\Components\Mesh.h" />
    <ClInclude Include="src\Components\Movement.h" />
    <ClInclude Include="src\Components\Transform.h" />
    <ClInclude Include="src\Components\Vibrations.h" />
    <ClInclude Include="src\ECS\ComponentArray.h" />
    <ClInclude Include="src\ECS\ComponentManager.h" />
    <ClInclude Include="src\ECS\ECSCoordinator.h" />
    <ClInclude Include="src\ECS\EntityManager.h" />
    <ClInclude Include="src\ECS\System.h" />
    <ClInclude Include="src\ECS\SystemManager.h" />
    <ClInclude Include="src\ECS\types.h" />
    <ClInclude Include="src\Input\Input.h" />
    <ClInclude Include="src\LibFiles\stb_image.h" />
    <ClInclude Include="src\ModelLoader\ModelLoader.h" />
    <ClInclude Include="src\RenderPipeline\CameraManager.h" />
    <ClInclude Include="src\RenderPipeline\DefferedShadingPipeline.h" />
    <ClInclude Include="src\RenderPipeline\DirectionalLightsManager.h" />
    <ClInclude Include="src\RenderPipeline\FogSystem.h" />
    <ClInclude Include="src\RenderPipeline\GeometryPass.h" />
    <ClInclude Include="src\RenderPipeline\InstancedGeometryPass.h" />
    <ClInclude Include="src\RenderPipeline\InstancedMeshRenderer.h" />
    <ClInclude Include="src\RenderPipeline\LightingPass.h" />
    <ClInclude Include="src\RenderPipeline\MeshRenderer.h" />
    <ClInclude Include="src\RenderPipeline\PointLightsManager.h" />
    <ClInclude Include="src\RenderPipeline\RenderContext.h" />
    <ClInclude Include="src\RenderPipeline\RenderPipeline.h" />
    <ClInclude Include="src\RenderPipeline\ShadowMap.h" />
    <ClInclude Include="src\RenderPipeline\SpotLightsManager.h" />
    <ClInclude Include="src\Scene\GameObject.h" />
    <ClInclude Include="src\Scene\Scene.h" />
    <ClInclude Include="src\Scene\SceneGraph.h" />
    <ClInclude Include="src\Scripts\CarMovementScript.h" />
    <ClInclude Include="src\Scripts\EditorCameraMovementScript.h" />
    <ClInclude Include="src\Scripts\MovementScript.h" />
    <ClInclude Include="src\Scripts\ObserverScript.h" />
    <ClInclude Include="src\Scripts\Script.h" />
    <ClInclude Include="src\Scripts\Scripts.h" />
    <ClInclude Include="src\Scripts\VibrationsScript.h" />
    <ClInclude Include="src\Shaders\Shader.h" />
    <ClInclude Include="src\Systems\InstancedModelsCleanUp.h" />
    <ClInclude Include="src\Systems\ModelsCleanUp.h" />
    <ClInclude Include="src\Systems\SunSystem.h" />
    <ClInclude Include="src\Window\Window.h" />
    <ClInclude Include="src\Coordinator.h" />
    <ClInclude Include="src\Systems\Systems.h" />
    <ClInclude Include="src\RenderPipeline\SkyBox.h" />
  </ItemGroup>
  <ItemGroup>
    <ClCompile Include="src\Application\Application.cpp" />
    <ClCompile Include="src\Components\Components.cpp" />
    <ClCompile Include="src\Components\Mesh.cpp" />
    <ClCompile Include="src\Components\Transform.cpp" />
    <ClCompile Include="src\Input\Input.cpp" />
    <ClCompile Include="src\LibFiles\glad.c" />
    <ClCompile Include="src\LibFiles\imgui.cpp" />
    <ClCompile Include="src\LibFiles\imgui_demo.cpp" />
    <ClCompile Include="src\LibFiles\imgui_draw.cpp" />
    <ClCompile Include="src\LibFiles\imgui_impl_glfw.cpp" />
    <ClCompile Include="src\LibFiles\imgui_impl_opengl3.cpp" />
    <ClCompile Include="src\LibFiles\imgui_tables.cpp" />
    <ClCompile Include="src\LibFiles\imgui_widgets.cpp" />
    <ClCompile Include="src\LibFiles\stb_image.cpp" />
    <ClCompile Include="src\ModelLoader\ModelLoader.cpp" />
    <ClCompile Include="src\RenderPipeline\CameraManager.cpp" />
    <ClCompile Include="src\RenderPipeline\DefferedShadingPipeline.cpp" />
    <ClCompile Include="src\RenderPipeline\DirectionalLightsManager.cpp" />
    <ClCompile Include="src\RenderPipeline\FogSystem.cpp" />
    <ClCompile Include="src\RenderPipeline\GeometryPass.cpp" />
    <ClCompile Include="src\RenderPipeline\InstancedGeometryPass.cpp" />
    <ClCompile Include="src\RenderPipeline\InstancedMeshRenderer.cpp" />
    <ClCompile Include="src\RenderPipeline\LightingPass.cpp" />
    <ClCompile Include="src\RenderPipeline\MeshRenderer.cpp" />
    <ClCompile Include="src\RenderPipeline\PointLightsManager.cpp" />
    <ClCompile Include="src\RenderPipeline\RenderContext.cpp" />
    <ClCompile Include="src\RenderPipeline\RenderPipeline.cpp" />
    <ClCompile Include="src\RenderPipeline\ShadowMap.cpp" />
    <ClCompile Include="src\RenderPipeline\SpotLightsManager.cpp" />
    <ClCompile Include="src\Scene\GameObject.cpp" />
    <ClCompile Include="src\Scene\Scene.cpp" />
    <ClCompile Include="src\Scene\SceneGraph.cpp" />
    <ClCompile Include="src\Scripts\CarMovementScript.cpp" />
    <ClCompile Include="src\Scripts\EditorCameraMovementScript.cpp" />
    <ClCompile Include="src\Scripts\MovementScript.cpp" />
    <ClCompile Include="src\Scripts\ObserverScript.cpp" />
    <ClCompile Include="src\Scripts\VibrationsScript.cpp" />
    <ClCompile Include="src\Shaders\Shader.cpp" />
    <ClCompile Include="src\Systems\InstancedModelsCleanUp.cpp" />
    <ClCompile Include="src\Systems\ModelsCleanUp.cpp" />
    <ClCompile Include="src\Systems\SunSystem.cpp" />
    <ClCompile Include="src\Window\Window.cpp" />
    <ClCompile Include="src\main.cpp" />
    <ClCompile Include="src\RenderPipeline\SkyBox.cpp" />
  </ItemGroup>
  <ItemGroup>
    <None Include="src\Shaders\SkyBox.vert" />
    <None Include="src\Shaders\basic.frag" />
    <None Include="src\Shaders\basic.vert" />
    <None Include="src\Shaders\geometrypass.frag" />
    <None Include="src\Shaders\gouraud.frag" />
    <None Include="src\Shaders\gouraud.vert" />
    <None Include="src\Shaders\instanced.vert" />
    <None Include="src\Shaders\instancedgouraud.vert" />
    <None Include="src\Shaders\lightingpass.frag" />
    <None Include="src\Shaders\lightingpass.vert" />
    <None Include="src\Shaders\phong.frag" />
    <None Include="src\Shaders\phong.vert" />
    <None Include="src\Shaders\SkyBox.frag" />
  </ItemGroup>
</Project>